
Microsoft Visual Studio Solution File, Format Version 11.00
# Visual Studio 2010
Project("{FAE04EC0-301F-11D3-BF4B-00C04F79EFBC}") = "ggj18_tuning-fork", "Assembly-CSharp-firstpass.csproj", "{77D8DB09-9830-8F9F-0EB3-C0233487DC33}"
EndProject
Project("{FAE04EC0-301F-11D3-BF4B-00C04F79EFBC}") = "ggj18_tuning-fork", "Assembly-CSharp.csproj", "{3ED109C5-1837-1DAD-6AC5-FA6A3E077FF5}"
EndProject
Project("{FAE04EC0-301F-11D3-BF4B-00C04F79EFBC}") = "ggj18_tuning-fork", "Assembly-CSharp-Editor-firstpass.csproj", "{039A603C-6552-A679-9505-72A00B78A7C5}"
EndProject
Global
	GlobalSection(SolutionConfigurationPlatforms) = preSolution
		Debug|Any CPU = Debug|Any CPU
		Release|Any CPU = Release|Any CPU
	EndGlobalSection
	GlobalSection(ProjectConfigurationPlatforms) = postSolution
		{77D8DB09-9830-8F9F-0EB3-C0233487DC33}.Debug|Any CPU.ActiveCfg = Debug|Any CPU
		{77D8DB09-9830-8F9F-0EB3-C0233487DC33}.Debug|Any CPU.Build.0 = Debug|Any CPU
		{77D8DB09-9830-8F9F-0EB3-C0233487DC33}.Release|Any CPU.ActiveCfg = Release|Any CPU
		{77D8DB09-9830-8F9F-0EB3-C0233487DC33}.Release|Any CPU.Build.0 = Release|Any CPU
		{3ED109C5-1837-1DAD-6AC5-FA6A3E077FF5}.Debug|Any CPU.ActiveCfg = Debug|Any CPU
		{3ED109C5-1837-1DAD-6AC5-FA6A3E077FF5}.Debug|Any CPU.Build.0 = Debug|Any CPU
		{3ED109C5-1837-1DAD-6AC5-FA6A3E077FF5}.Release|Any CPU.ActiveCfg = Release|Any CPU
		{3ED109C5-1837-1DAD-6AC5-FA6A3E077FF5}.Release|Any CPU.Build.0 = Release|Any CPU
		{039A603C-6552-A679-9505-72A00B78A7C5}.Debug|Any CPU.ActiveCfg = Debug|Any CPU
		{039A603C-6552-A679-9505-72A00B78A7C5}.Debug|Any CPU.Build.0 = Debug|Any CPU
		{039A603C-6552-A679-9505-72A00B78A7C5}.Release|Any CPU.ActiveCfg = Release|Any CPU
		{039A603C-6552-A679-9505-72A00B78A7C5}.Release|Any CPU.Build.0 = Release|Any CPU
	EndGlobalSection
	GlobalSection(SolutionProperties) = preSolution
		HideSolutionNode = FALSE
	EndGlobalSection
	GlobalSection(MonoDevelopProperties) = preSolution
		StartupItem = Assembly-CSharp.csproj
	EndGlobalSection
EndGlobal
